
Microsoft Visual Studio Solution File, Format Version 12.00
# Visual Studio Version 16
VisualStudioVersion = 16.0.32630.194
MinimumVisualStudioVersion = 10.0.40219.1
Project("{FAE04EC0-301F-11D3-BF4B-00C04F79EFBC}") = "220816Win_AtYarisi", "220816Win_AtYarisi\220816Win_AtYarisi.csproj", "{07397399-3AE9-4B1F-B6B1-B9A537813434}"
EndProject
Global
	GlobalSection(SolutionConfigurationPlatforms) = preSolution
		Debug|Any CPU = Debug|Any CPU
		Release|Any CPU = Release|Any CPU
	EndGlobalSection
	GlobalSection(ProjectConfigurationPlatforms) = postSolution
		{07397399-3AE9-4B1F-B6B1-B9A537813434}.Debug|Any CPU.ActiveCfg = Debug|Any CPU
		{07397399-3AE9-4B1F-B6B1-B9A537813434}.Debug|Any CPU.Build.0 = Debug|Any CPU
		{07397399-3AE9-4B1F-B6B1-B9A537813434}.Release|Any CPU.ActiveCfg = Release|Any CPU
		{07397399-3AE9-4B1F-B6B1-B9A537813434}.Release|Any CPU.Build.0 = Release|Any CPU
	EndGlobalSection
	GlobalSection(SolutionProperties) = preSolution
		HideSolutionNode = FALSE
	EndGlobalSection
	GlobalSection(ExtensibilityGlobals) = postSolution
		SolutionGuid = {DA3CDBCD-11E0-4FFC-A0EE-1E0389297D4B}
	EndGlobalSection
EndGlobal
